// !$*UTF8*$!
{
	archiveVersion = 1;
	classes = {
	};
	objectVersion = 46;
	objects = {

/* Begin PBXBuildFile section */
		2528D9501D0993130071E45B /* main.m in Sources */ = {isa = PBXBuildFile; fileRef = 2528D94F1D0993130071E45B /* main.m */; };
		2528D9531D0993130071E45B /* AppDelegate.m in Sources */ = {isa = PBXBuildFile; fileRef = 2528D9521D0993130071E45B /* AppDelegate.m */; };
		2528D9561D0993130071E45B /* ViewController.m in Sources */ = {isa = PBXBuildFile; fileRef = 2528D9551D0993130071E45B /* ViewController.m */; };
		2528D9591D0993130071E45B /* Main.storyboard in Resources */ = {isa = PBXBuildFile; fileRef = 2528D9571D0993130071E45B /* Main.storyboard */; };
		2528D95B1D0993130071E45B /* Assets.xcassets in Resources */ = {isa = PBXBuildFile; fileRef = 2528D95A1D0993130071E45B /* Assets.xcassets */; };
		2528D95E1D0993130071E45B /* LaunchScreen.storyboard in Resources */ = {isa = PBXBuildFile; fileRef = 2528D95C1D0993130071E45B /* LaunchScreen.storyboard */; };
		2528D9671D0993760071E45B /* UIScrollView+HLZInfinite.m in Sources */ = {isa = PBXBuildFile; fileRef = 2528D9651D0993760071E45B /* UIScrollView+HLZInfinite.m */; };
/* End PBXBuildFile section */

/* Begin PBXFileReference section */
		2528D94B1D0993130071E45B /* HLZInfiniteScrollView.app */ = {isa = PBXFileReference; explicitFileType = wrapper.application; includeInIndex = 0; path = HLZInfiniteScrollView.app; sourceTree = BUILT_PRODUCTS_DIR; };
		2528D94F1D0993130071E45B /* main.m */ = {isa = PBXFileReference; lastKnownFileType = sourcecode.c.objc; path = main.m; sourceTree = "<group>"; };
		2528D9511D0993130071E45B /* AppDelegate.h */ = {isa = PBXFileReference; lastKnownFileType = sourcecode.c.h; path = AppDelegate.h; sourceTree = "<group>"; };
		2528D9521D0993130071E45B /* AppDelegate.m */ = {isa = PBXFileReference; lastKnownFileType = sourcecode.c.objc; path = AppDelegate.m; sourceTree = "<group>"; };
		2528D9541D0993130071E45B /* ViewController.h */ = {isa = PBXFileReference; lastKnownFileType = sourcecode.c.h; path = ViewController.h; sourceTree = "<group>"; };
		2528D9551D0993130071E45B /* ViewController.m */ = {isa = PBXFileReference; lastKnownFileType = sourcecode.c.objc; path = ViewController.m; sourceTree = "<group>"; };
		2528D9581D0993130071E45B /* Base */ = {isa = PBXFileReference; lastKnownFileType = file.storyboard; name = Base; path = Base.lproj/Main.storyboard; sourceTree = "<group>"; };
		2528D95A1D0993130071E45B /* Assets.xcassets */ = {isa = PBXFileReference; lastKnownFileType = folder.assetcatalog; path = Assets.xcassets; sourceTree = "<group>"; };
		2528D95D1D0993130071E45B /* Base */ = {isa = PBXFileReference; lastKnownFileType = file.storyboard; name = Base; path = Base.lproj/LaunchScreen.storyboard; sourceTree = "<group>"; };
		2528D95F1D0993130071E45B /* Info.plist */ = {isa = PBXFileReference; lastKnownFileType = text.plist.xml; path = Info.plist; sourceTree = "<group>"; };
		2528D9651D0993760071E45B /* UIScrollView+HLZInfinite.m */ = {isa = PBXFileReference; fileEncoding = 4; lastKnownFileType = sourcecode.c.objc; path = "UIScrollView+HLZInfinite.m"; sourceTree = "<group>"; };
		2528D9661D0993760071E45B /* UIScrollView+HLZInfinite.h */ = {isa = PBXFileReference; fileEncoding = 4; lastKnownFileType = sourcecode.c.h; path = "UIScrollView+HLZInfinite.h"; sourceTree = "<group>"; };
/* End PBXFileReference section */

/* Begin PBXFrameworksBuildPhase section */
		2528D9481D0993130071E45B /* Frameworks */ = {
			isa = PBXFrameworksBuildPhase;
			buildActionMask = 2147483647;
			files = (
			);
			runOnlyForDeploymentPostprocessing = 0;
		};
/* End PBXFrameworksBuildPhase section */

/* Begin PBXGroup section */
		2528D9421D0993130071E45B = {
			isa = PBXGroup;
			children = (
				2528D94D1D0993130071E45B /* HLZInfiniteScrollView */,
				2528D94C1D0993130071E45B /* Products */,
			);
			sourceTree = "<group>";
		};
		2528D94C1D0993130071E45B /* Products */ = {
			isa = PBXGroup;
			children = (
				2528D94B1D0993130071E45B /* HLZInfiniteScrollView.app */,
			);
			name = Products;
			sourceTree = "<group>";
		};
		2528D94D1D0993130071E45B /* HLZInfiniteScrollView */ = {
			isa = PBXGroup;
			children = (
				2528D9511D0993130071E45B /* AppDelegate.h */,
				2528D9521D0993130071E45B /* AppDelegate.m */,
				2528D9541D0993130071E45B /* ViewController.h */,
				2528D9551D0993130071E45B /* ViewController.m */,
				2528D9661D0993760071E45B /* UIScrollView+HLZInfinite.h */,
				2528D9651D0993760071E45B /* UIScrollView+HLZInfinite.m */,
				2528D9571D0993130071E45B /* Main.storyboard */,
				2528D95A1D0993130071E45B /* Assets.xcassets */,
				2528D95C1D0993130071E45B /* LaunchScreen.storyboard */,
				2528D95F1D0993130071E45B /* Info.plist */,
				2528D94E1D0993130071E45B /* Supporting Files */,
			);
			path = HLZInfiniteScrollView;
			sourceTree = "<group>";
		};
		2528D94E1D0993130071E45B /* Supporting Files */ = {
			isa = PBXGroup;
			children = (
				2528D94F1D0993130071E45B /* main.m */,
			);
			name = "Supporting Files";
			sourceTree = "<group>";
		};
/* End PBXGroup section */

/* Begin PBXNativeTarget section */
		2528D94A1D0993130071E45B /* HLZInfiniteScrollView */ = {
			isa = PBXNativeTarget;
			buildConfigurationList = 2528D9621D0993130071E45B /* Build configuration list for PBXNativeTarget "HLZInfiniteScrollView" */;
			buildPhases = (
				2528D9471D0993130071E45B /* Sources */,
				2528D9481D0993130071E45B /* Frameworks */,
				2528D9491D0993130071E45B /* Resources */,
			);
			buildRules = (
			);
			dependencies = (
			);
			name = HLZInfiniteScrollView;
			productName = HLZInfiniteScrollView;
			productReference = 2528D94B1D0993130071E45B /* HLZInfiniteScrollView.app */;
			productType = "com.apple.product-type.application";
		};
/* End PBXNativeTarget section */

/* Begin PBXProject section */
		2528D9431D0993130071E45B /* Project object */ = {
			isa = PBXProject;
			attributes = {
				LastUpgradeCheck = 0730;
				ORGANIZATIONNAME = hulizhen;
				TargetAttributes = {
					2528D94A1D0993130071E45B = {
						CreatedOnToolsVersion = 7.3.1;
						DevelopmentTeam = KJ2YJ44DM2;
					};
				};
			};
			buildConfigurationList = 2528D9461D0993130071E45B /* Build configuration list for PBXProject "HLZInfiniteScrollView" */;
			compatibilityVersion = "Xcode 3.2";
			developmentRegion = English;
			hasScannedForEncodings = 0;
			knownRegions = (
				en,
				Base,
			);
			mainGroup = 2528D9421D0993130071E45B;
			productRefGroup = 2528D94C1D0993130071E45B /* Products */;
			projectDirPath = "";
			projectRoot = "";
			targets = (
				2528D94A1D0993130071E45B /* HLZInfiniteScrollView */,
			);
		};
/* End PBXProject section */

/* Begin PBXResourcesBuildPhase section */
		2528D9491D0993130071E45B /* Resources */ = {
			isa = PBXResourcesBuildPhase;
			buildActionMask = 2147483647;
			files = (
				2528D95E1D0993130071E45B /* LaunchScreen.storyboard in Resources */,
				2528D95B1D0993130071E45B /* Assets.xcassets in Resources */,
				2528D9591D0993130071E45B /* Main.storyboard in Resources */,
			);
			runOnlyForDeploymentPostprocessing = 0;
		};
/* End PBXResourcesBuildPhase section */

/* Begin PBXSourcesBuildPhase section */
		2528D9471D0993130071E45B /* Sources */ = {
			isa = PBXSourcesBuildPhase;
			buildActionMask = 2147483647;
			files = (
				2528D9671D0993760071E45B /* UIScrollView+HLZInfinite.m in Sources */,
				2528D9561D0993130071E45B /* ViewController.m in Sources */,
				2528D9531D0993130071E45B /* AppDelegate.m in Sources */,
				2528D9501D0993130071E45B /* main.m in Sources */,
			);
			runOnlyForDeploymentPostprocessing = 0;
		};
/* End PBXSourcesBuildPhase section */

/* Begin PBXVariantGroup section */
		2528D9571D0993130071E45B /* Main.storyboard */ = {
			isa = PBXVariantGroup;
			children = (
				2528D9581D0993130071E45B /* Base */,
			);
			name = Main.storyboard;
			sourceTree = "<group>";
		};
		2528D95C1D0993130071E45B /* LaunchScreen.storyboard */ = {
			isa = PBXVariantGroup;
			children = (
				2528D95D1D0993130071E45B /* Base */,
			);
			name = LaunchScreen.storyboard;
			sourceTree = "<group>";
		};
/* End PBXVariantGroup section */

/* Begin XCBuildConfiguration section */
		2528D9601D0993130071E45B /* Debug */ = {
			isa = XCBuildConfiguration;
			buildSettings = {
				ALWAYS_SEARCH_USER_PATHS = NO;
				CLANG_ANALYZER_NONNULL = YES;
				CLANG_CXX_LANGUAGE_STANDARD = "gnu++0x";
				CLANG_CXX_LIBRARY = "libc++";
				CLANG_ENABLE_MODULES = YES;
				CLANG_ENABLE_OBJC_ARC = YES;
				CLANG_WARN_BOOL_CONVERSION = YES;
				CLANG_WARN_CONSTANT_CONVERSION = YES;
				CLANG_WARN_DIRECT_OBJC_ISA_USAGE = YES_ERROR;
				CLANG_WARN_EMPTY_BODY = YES;
				CLANG_WARN_ENUM_CONVERSION = YES;
				CLANG_WARN_INT_CONVERSION = YES;
				CLANG_WARN_OBJC_ROOT_CLASS = YES_ERROR;
				CLANG_WARN_UNREACHABLE_CODE = YES;
				CLANG_WARN__DUPLICATE_METHOD_MATCH = YES;
				"CODE_SIGN_IDENTITY[sdk=iphoneos*]" = "iPhone Developer";
				COPY_PHASE_STRIP = NO;
				DEBUG_INFORMATION_FORMAT = dwarf;
				ENABLE_STRICT_OBJC_MSGSEND = YES;
				ENABLE_TESTABILITY = YES;
				GCC_C_LANGUAGE_STANDARD = gnu99;
				GCC_DYNAMIC_NO_PIC = NO;
				GCC_NO_COMMON_BLOCKS = YES;
				GCC_OPTIMIZATION_LEVEL = 0;
				GCC_PREPROCESSOR_DEFINITIONS = (
					"DEBUG=1",
					"$(inherited)",
				);
				GCC_WARN_64_TO_32_BIT_CONVERSION = YES;
				GCC_WARN_ABOUT_RETURN_TYPE = YES_ERROR;
				GCC_WARN_UNDECLARED_SELECTOR = YES;
				GCC_WARN_UNINITIALIZED_AUTOS = YES_AGGRESSIVE;
				GCC_WARN_UNUSED_FUNCTION = YES;
				GCC_WARN_UNUSED_VARIABLE = YES;
				IPHONEOS_DEPLOYMENT_TARGET = 9.3;
				MTL_ENABLE_DEBUG_INFO = YES;
				ONLY_ACTIVE_ARCH = YES;
				SDKROOT = iphoneos;
				TARGETED_DEVICE_FAMILY = "1,2";
			};
			name = Debug;
		};
		2528D9611D0993130071E45B /* Release */ = {
			isa = XCBuildConfiguration;
			buildSettings = {
				ALWAYS_SEARCH_USER_PATHS = NO;
				CLANG_ANALYZER_NONNULL = YES;
				CLANG_CXX_LANGUAGE_STANDARD = "gnu++0x";
				CLANG_CXX_LIBRARY = "libc++";
				CLANG_ENABLE_MODULES = YES;
				CLANG_ENABLE_OBJC_ARC = YES;
				CLANG_WARN_BOOL_CONVERSION = YES;
				CLANG_WARN_CONSTANT_CONVERSION = YES;
				CLANG_WARN_DIRECT_OBJC_ISA_USAGE = YES_ERROR;
				CLANG_WARN_EMPTY_BODY = YES;
				CLANG_WARN_ENUM_CONVERSION = YES;
				CLANG_WARN_INT_CONVERSION = YES;
				CLANG_WARN_OBJC_ROOT_CLASS = YES_ERROR;
				CLANG_WARN_UNREACHABLE_CODE = YES;
				CLANG_WARN__DUPLICATE_METHOD_MATCH = YES;
				"CODE_SIGN_IDENTITY[sdk=iphoneos*]" = "iPhone Developer";
				COPY_PHASE_STRIP = NO;
				DEBUG_INFORMATION_FORMAT = "dwarf-with-dsym";
				ENABLE_NS_ASSERTIONS = NO;
				ENABLE_STRICT_OBJC_MSGSEND = YES;
				GCC_C_LANGUAGE_STANDARD = gnu99;
				GCC_NO_COMMON_BLOCKS = YES;
				GCC_WARN_64_TO_32_BIT_CONVERSION = YES;
				GCC_WARN_ABOUT_RETURN_TYPE = YES_ERROR;
				GCC_WARN_UNDECLARED_SELECTOR = YES;
				GCC_WARN_UNINITIALIZED_AUTOS = YES_AGGRESSIVE;
				GCC_WARN_UNUSED_FUNCTION = YES;
				GCC_WARN_UNUSED_VARIABLE = YES;
				IPHONEOS_DEPLOYMENT_TARGET = 9.3;
				MTL_ENABLE_DEBUG_INFO = NO;
				SDKROOT = iphoneos;
				TARGETED_DEVICE_FAMILY = "1,2";
				VALIDATE_PRODUCT = YES;
			};
			name = Release;
		};
		2528D9631D0993130071E45B /* Debug */ = {
			isa = XCBuildConfiguration;
			buildSettings = {
				ASSETCATALOG_COMPILER_APPICON_NAME = AppIcon;
				CODE_SIGN_IDENTITY = "iPhone Developer";
				INFOPLIST_FILE = HLZInfiniteScrollView/Info.plist;
				LD_RUNPATH_SEARCH_PATHS = "$(inherited) @executable_path/Frameworks";
				PRODUCT_BUNDLE_IDENTIFIER = com.hulizhen.HLZInfiniteScrollView;
				PRODUCT_NAME = "$(TARGET_NAME)";
			};
			name = Debug;
		};
		2528D9641D0993130071E45B /* Release */ = {
			isa = XCBuildConfiguration;
			buildSettings = {
				ASSETCATALOG_COMPILER_APPICON_NAME = AppIcon;
				CODE_SIGN_IDENTITY = "iPhone Developer";
				INFOPLIST_FILE = HLZInfiniteScrollView/Info.plist;
				LD_RUNPATH_SEARCH_PATHS = "$(inherited) @executable_path/Frameworks";
				PRODUCT_BUNDLE_IDENTIFIER = com.hulizhen.HLZInfiniteScrollView;
				PRODUCT_NAME = "$(TARGET_NAME)";
			};
			name = Release;
		};
/* End XCBuildConfiguration section */

/* Begin XCConfigurationList section */
		2528D9461D0993130071E45B /* Build configuration list for PBXProject "HLZInfiniteScrollView" */ = {
			isa = XCConfigurationList;
			buildConfigurations = (
				2528D9601D0993130071E45B /* Debug */,
				2528D9611D0993130071E45B /* Release */,
			);
			defaultConfigurationIsVisible = 0;
			defaultConfigurationName = Release;
		};
		2528D9621D0993130071E45B /* Build configuration list for PBXNativeTarget "HLZInfiniteScrollView" */ = {
			isa = XCConfigurationList;
			buildConfigurations = (
				2528D9631D0993130071E45B /* Debug */,
				2528D9641D0993130071E45B /* Release */,
			);
			defaultConfigurationIsVisible = 0;
			defaultConfigurationName = Release;
		};
/* End XCConfigurationList section */
	};
	rootObject = 2528D9431D0993130071E45B /* Project object */;
}
